lockfileVersion: '9.0'

settings:
  autoInstallPeers: true
  excludeLinksFromLockfile: false

importers:

  .:
    devDependencies:
      '@types/node':
        specifier: ^22.10.5
        version: 22.19.20
      prettier:
        specifier: ^3.4.2
        version: 3.8.4
      typescript:
        specifier: ^5.7.3
        version: 5.9.3

  apps/dashboard: {}

  packages/agent1:
    dependencies:
      '@pda/spec':
        specifier: workspace:*
        version: link:../spec

  packages/orchestrator:
    dependencies:
      '@pda/agent1':
        specifier: workspace:*
        version: link:../agent1
      '@pda/spec':
        specifier: workspace:*
        version: link:../spec

  packages/spec:
    dependencies:
      yaml:
        specifier: ^2.6.1
        version: 2.9.0
      zod:
        specifier: ^3.24.1
        version: 3.25.76

packages:

  '@types/node@22.19.20':
    resolution: {integrity: sha512-6tELRwSDYWW9EdZhbeZmYGZ1/7Djkt+Ah3/ScEYT9cDord7UJzasR/4D3VONg9tQI5CDp+/CZC1AXj2pCFOvpw==}

  prettier@3.8.4:
    resolution: {integrity: sha512-N2MylSdi48+5N/6S5j+maeHbUSIzzZ5uOcX5Hm4QpV8Dkb1HFjfAKTKX6yNPJQD9AhcT3ifHNB66tWTTJDi11Q==}
    engines: {node: '>=14'}
    hasBin: true

  typescript@5.9.3:
    resolution: {integrity: sha512-jl1vZzPDinLr9eUt3J/t7V6FgNEw9QjvBPdysz9KfQDD41fQrC2Y4vKQdiaUpFT4bXlb1RHhLpp8wtm6M5TgSw==}
    engines: {node: '>=14.17'}
    hasBin: true

  undici-types@6.21.0:
    resolution: {integrity: sha512-iwDZqg0QAGrg9Rav5H4n0M64c3mkR59cJ6wQp+7C4nI0gsmExaedaYLNO44eT4AtBBwjbTiGPMlt2Md0T9H9JQ==}

  yaml@2.9.0:
    resolution: {integrity: sha512-2AvhNX3mb8zd6Zy7INTtSpl1F15HW6Wnqj0srWlkKLcpYl/gMIMJiyuGq2KeI2YFxUPjdlB+3Lc10seMLtL4cA==}
    engines: {node: '>= 14.6'}
    hasBin: true

  zod@3.25.76:
    resolution: {integrity: sha512-gzUt/qt81nXsFGKIFcC3YnfEAx5NkunCfnDlvuBSSFS02bcXu4Lmea0AFIUwbLWxWPx3d9p8S5QoaujKcNQxcQ==}

snapshots:

  '@types/node@22.19.20':
    dependencies:
      undici-types: 6.21.0

  prettier@3.8.4: {}

  typescript@5.9.3: {}

  undici-types@6.21.0: {}

  yaml@2.9.0: {}

  zod@3.25.76: {}
